
Microsoft Visual Studio Solution File, Format Version 12.00
# Visual Studio 15
VisualStudioVersion = 15.0.28307.1831
MinimumVisualStudioVersion = 10.0.40219.1
Project("{8BC9CEB8-8B4A-11D0-8D11-00A0C91BC942}") = "boost_spline_interp", "boost_spline_interp\boost_spline_interp.vcxproj", "{3E35C40E-A738-4DD6-BFD4-702BC9B21B2A}"
EndProject
Global
	GlobalSection(SolutionConfigurationPlatforms) = preSolution
		Debug|x64 = Debug|x64
		Debug|x86 = Debug|x86
		Release|x64 = Release|x64
		Release|x86 = Release|x86
	EndGlobalSection
	GlobalSection(ProjectConfigurationPlatforms) = postSolution
		{3E35C40E-A738-4DD6-BFD4-702BC9B21B2A}.Debug|x64.ActiveCfg = Debug|x64
		{3E35C40E-A738-4DD6-BFD4-702BC9B21B2A}.Debug|x64.Build.0 = Debug|x64
		{3E35C40E-A738-4DD6-BFD4-702BC9B21B2A}.Debug|x86.ActiveCfg = Debug|Win32
		{3E35C40E-A738-4DD6-BFD4-702BC9B21B2A}.Debug|x86.Build.0 = Debug|Win32
		{3E35C40E-A738-4DD6-BFD4-702BC9B21B2A}.Release|x64.ActiveCfg = Release|x64
		{3E35C40E-A738-4DD6-BFD4-702BC9B21B2A}.Release|x64.Build.0 = Release|x64
		{3E35C40E-A738-4DD6-BFD4-702BC9B21B2A}.Release|x86.ActiveCfg = Release|Win32
		{3E35C40E-A738-4DD6-BFD4-702BC9B21B2A}.Release|x86.Build.0 = Release|Win32
	EndGlobalSection
	GlobalSection(SolutionProperties) = preSolution
		HideSolutionNode = FALSE
	EndGlobalSection
	GlobalSection(ExtensibilityGlobals) = postSolution
		SolutionGuid = {E499B729-5DEC-4683-827D-68E5374A2D2F}
	EndGlobalSection
EndGlobal
